
Microsoft Visual Studio Solution File, Format Version 12.00
# Visual Studio Version 16
VisualStudioVersion = 16.0.30907.101
MinimumVisualStudioVersion = 10.0.40219.1
Project("{9A19103F-16F7-4668-BE54-9A1E7A4F7556}") = "Backend", "Backend\Backend.csproj", "{A9C66F4C-84D4-4687-B892-9F01574C8B4D}"
EndProject
Project("{9A19103F-16F7-4668-BE54-9A1E7A4F7556}") = "Frontend", "Frontend\Frontend.csproj", "{3CCB0500-5B12-489B-B219-8D09FF61C3A8}"
EndProject
Project("{FAE04EC0-301F-11D3-BF4B-00C04F79EFBC}") = "Shared", "Shared\Shared.csproj", "{BD5F5699-2199-4A8B-B584-07CE08D9375D}"
EndProject
Global
	GlobalSection(SolutionConfigurationPlatforms) = preSolution
		Debug|Any CPU = Debug|Any CPU
		Release|Any CPU = Release|Any CPU
	EndGlobalSection
	GlobalSection(ProjectConfigurationPlatforms) = postSolution
		{A9C66F4C-84D4-4687-B892-9F01574C8B4D}.Debug|Any CPU.ActiveCfg = Debug|Any CPU
		{A9C66F4C-84D4-4687-B892-9F01574C8B4D}.Debug|Any CPU.Build.0 = Debug|Any CPU
		{A9C66F4C-84D4-4687-B892-9F01574C8B4D}.Release|Any CPU.ActiveCfg = Release|Any CPU
		{A9C66F4C-84D4-4687-B892-9F01574C8B4D}.Release|Any CPU.Build.0 = Release|Any CPU
		{3CCB0500-5B12-489B-B219-8D09FF61C3A8}.Debug|Any CPU.ActiveCfg = Debug|Any CPU
		{3CCB0500-5B12-489B-B219-8D09FF61C3A8}.Debug|Any CPU.Build.0 = Debug|Any CPU
		{3CCB0500-5B12-489B-B219-8D09FF61C3A8}.Release|Any CPU.ActiveCfg = Release|Any CPU
		{3CCB0500-5B12-489B-B219-8D09FF61C3A8}.Release|Any CPU.Build.0 = Release|Any CPU
		{BD5F5699-2199-4A8B-B584-07CE08D9375D}.Debug|Any CPU.ActiveCfg = Debug|Any CPU
		{BD5F5699-2199-4A8B-B584-07CE08D9375D}.Debug|Any CPU.Build.0 = Debug|Any CPU
		{BD5F5699-2199-4A8B-B584-07CE08D9375D}.Release|Any CPU.ActiveCfg = Release|Any CPU
		{BD5F5699-2199-4A8B-B584-07CE08D9375D}.Release|Any CPU.Build.0 = Release|Any CPU
	EndGlobalSection
	GlobalSection(SolutionProperties) = preSolution
		HideSolutionNode = FALSE
	EndGlobalSection
	GlobalSection(ExtensibilityGlobals) = postSolution
		SolutionGuid = {894AF777-C810-4050-BAB9-3A5A31252CDC}
	EndGlobalSection
EndGlobal
